github.com/freb/unioffice v1.3.2 h1:6e8lKblTGaTFsynGSoXch53HvS8izL8fcSB7fiGfwVE=
github.com/freb/unioffice v1.3.2/go.mod h1:w96hj0WDRaikkRdFxQsmyLUdLOusl0yPDU/FMQfcWbM=
github.com/freb/unioffice v1.3.3 h1:F1ay3NqNow3jskOMGXc+kDpBNx7JitTw8Ou1nJRpgBg=
github.com/freb/unioffice v1.3.3/go.mod h1:w96hj0WDRaikkRdFxQsmyLUdLOusl0yPDU/FMQfcWbM=
